
Microsoft Visual Studio Solution File, Format Version 12.00
# Visual Studio Version 17
VisualStudioVersion = 17.0.32014.148
MinimumVisualStudioVersion = 10.0.40219.1
Project("{FAE04EC0-301F-11D3-BF4B-00C04F79EFBC}") = "API", "API\API.csproj", "{BEE36E5D-1F2B-47D4-B0F4-192C26A6173D}"
EndProject
Global
	GlobalSection(SolutionConfigurationPlatforms) = preSolution
		Debug|Any CPU = Debug|Any CPU
		Release|Any CPU = Release|Any CPU
	EndGlobalSection
	GlobalSection(ProjectConfigurationPlatforms) = postSolution
		{BEE36E5D-1F2B-47D4-B0F4-192C26A6173D}.Debug|Any CPU.ActiveCfg = Debug|Any CPU
		{BEE36E5D-1F2B-47D4-B0F4-192C26A6173D}.Debug|Any CPU.Build.0 = Debug|Any CPU
		{BEE36E5D-1F2B-47D4-B0F4-192C26A6173D}.Release|Any CPU.ActiveCfg = Release|Any CPU
		{BEE36E5D-1F2B-47D4-B0F4-192C26A6173D}.Release|Any CPU.Build.0 = Release|Any CPU
	EndGlobalSection
	GlobalSection(SolutionProperties) = preSolution
		HideSolutionNode = FALSE
	EndGlobalSection
	GlobalSection(ExtensibilityGlobals) = postSolution
		SolutionGuid = {215C3D74-4B79-44E5-834E-6C03D8128C88}
	EndGlobalSection
EndGlobal
